// !$*UTF8*$!
{
	archiveVersion = 1;
	classes = {
	};
	objectVersion = 55;
	objects = {

/* Begin PBXBuildFile section */
		6367A3D127DA61F300C94E9E /* AppDelegate.swift in Sources */ = {isa = PBXBuildFile; fileRef = 6367A3D027DA61F300C94E9E /* AppDelegate.swift */; };
		6367A3D327DA61F300C94E9E /* SceneDelegate.swift in Sources */ = {isa = PBXBuildFile; fileRef = 6367A3D227DA61F300C94E9E /* SceneDelegate.swift */; };
		6367A3D827DA61F300C94E9E /* Main.storyboard in Resources */ = {isa = PBXBuildFile; fileRef = 6367A3D627DA61F300C94E9E /* Main.storyboard */; };
		6367A3DA27DA61F400C94E9E /* Assets.xcassets in Resources */ = {isa = PBXBuildFile; fileRef = 6367A3D927DA61F400C94E9E /* Assets.xcassets */; };
		6367A3DD27DA61F400C94E9E /* LaunchScreen.storyboard in Resources */ = {isa = PBXBuildFile; fileRef = 6367A3DB27DA61F400C94E9E /* LaunchScreen.storyboard */; };
		6367A3E827DA61F400C94E9E /* ViviraTests.swift in Sources */ = {isa = PBXBuildFile; fileRef = 6367A3E727DA61F400C94E9E /* ViviraTests.swift */; };
		6367A3F227DA61F400C94E9E /* ViviraUITests.swift in Sources */ = {isa = PBXBuildFile; fileRef = 6367A3F127DA61F400C94E9E /* ViviraUITests.swift */; };
		6367A3F427DA61F400C94E9E /* ViviraUITestsLaunchTests.swift in Sources */ = {isa = PBXBuildFile; fileRef = 6367A3F327DA61F400C94E9E /* ViviraUITestsLaunchTests.swift */; };
/* End PBXBuildFile section */

/* Begin PBXContainerItemProxy section */
		6367A3E427DA61F400C94E9E /* PBXContainerItemProxy */ = {
			isa = PBXContainerItemProxy;
			containerPortal = 6367A3C527DA61F300C94E9E /* Project object */;
			proxyType = 1;
			remoteGlobalIDString = 6367A3CC27DA61F300C94E9E;
			remoteInfo = Vivira;
		};
		6367A3EE27DA61F400C94E9E /* PBXContainerItemProxy */ = {
			isa = PBXContainerItemProxy;
			containerPortal = 6367A3C527DA61F300C94E9E /* Project object */;
			proxyType = 1;
			remoteGlobalIDString = 6367A3CC27DA61F300C94E9E;
			remoteInfo = Vivira;
		};
/* End PBXContainerItemProxy section */

/* Begin PBXFileReference section */
		6367A3CD27DA61F300C94E9E /* Vivira.app */ = {isa = PBXFileReference; explicitFileType = wrapper.application; includeInIndex = 0; path = Vivira.app; sourceTree = BUILT_PRODUCTS_DIR; };
		6367A3D027DA61F300C94E9E /* AppDelegate.swift */ = {isa = PBXFileReference; lastKnownFileType = sourcecode.swift; path = AppDelegate.swift; sourceTree = "<group>"; };
		6367A3D227DA61F300C94E9E /* SceneDelegate.swift */ = {isa = PBXFileReference; lastKnownFileType = sourcecode.swift; path = SceneDelegate.swift; sourceTree = "<group>"; };
		6367A3D727DA61F300C94E9E /* Base */ = {isa = PBXFileReference; lastKnownFileType = file.storyboard; name = Base; path = Base.lproj/Main.storyboard; sourceTree = "<group>"; };
		6367A3D927DA61F400C94E9E /* Assets.xcassets */ = {isa = PBXFileReference; lastKnownFileType = folder.assetcatalog; path = Assets.xcassets; sourceTree = "<group>"; };
		6367A3DC27DA61F400C94E9E /* Base */ = {isa = PBXFileReference; lastKnownFileType = file.storyboard; name = Base; path = Base.lproj/LaunchScreen.storyboard; sourceTree = "<group>"; };
		6367A3DE27DA61F400C94E9E /* Info.plist */ = {isa = PBXFileReference; lastKnownFileType = text.plist.xml; path = Info.plist; sourceTree = "<group>"; };
		6367A3E327DA61F400C94E9E /* ViviraTests.xctest */ = {isa = PBXFileReference; explicitFileType = wrapper.cfbundle; includeInIndex = 0; path = ViviraTests.xctest; sourceTree = BUILT_PRODUCTS_DIR; };
		6367A3E727DA61F400C94E9E /* ViviraTests.swift */ = {isa = PBXFileReference; lastKnownFileType = sourcecode.swift; path = ViviraTests.swift; sourceTree = "<group>"; };
		6367A3ED27DA61F400C94E9E /* ViviraUITests.xctest */ = {isa = PBXFileReference; explicitFileType = wrapper.cfbundle; includeInIndex = 0; path = ViviraUITests.xctest; sourceTree = BUILT_PRODUCTS_DIR; };
		6367A3F127DA61F400C94E9E /* ViviraUITests.swift */ = {isa = PBXFileReference; lastKnownFileType = sourcecode.swift; path = ViviraUITests.swift; sourceTree = "<group>"; };
		6367A3F327DA61F400C94E9E /* ViviraUITestsLaunchTests.swift */ = {isa = PBXFileReference; lastKnownFileType = sourcecode.swift; path = ViviraUITestsLaunchTests.swift; sourceTree = "<group>"; };
/* End PBXFileReference section */

/* Begin PBXFrameworksBuildPhase section */
		6367A3CA27DA61F300C94E9E /* Frameworks */ = {
			isa = PBXFrameworksBuildPhase;
			buildActionMask = 2147483647;
			files = (
			);
			runOnlyForDeploymentPostprocessing = 0;
		};
		6367A3E027DA61F400C94E9E /* Frameworks */ = {
			isa = PBXFrameworksBuildPhase;
			buildActionMask = 2147483647;
			files = (
			);
			runOnlyForDeploymentPostprocessing = 0;
		};
		6367A3EA27DA61F400C94E9E /* Frameworks */ = {
			isa = PBXFrameworksBuildPhase;
			buildActionMask = 2147483647;
			files = (
			);
			runOnlyForDeploymentPostprocessing = 0;
		};
/* End PBXFrameworksBuildPhase section */

/* Begin PBXGroup section */
		6367A3C427DA61F300C94E9E = {
			isa = PBXGroup;
			children = (
				6367A3CF27DA61F300C94E9E /* Vivira */,
				6367A3E627DA61F400C94E9E /* ViviraTests */,
				6367A3F027DA61F400C94E9E /* ViviraUITests */,
				6367A3CE27DA61F300C94E9E /* Products */,
			);
			sourceTree = "<group>";
		};
		6367A3CE27DA61F300C94E9E /* Products */ = {
			isa = PBXGroup;
			children = (
				6367A3CD27DA61F300C94E9E /* Vivira.app */,
				6367A3E327DA61F400C94E9E /* ViviraTests.xctest */,
				6367A3ED27DA61F400C94E9E /* ViviraUITests.xctest */,
			);
			name = Products;
			sourceTree = "<group>";
		};
		6367A3CF27DA61F300C94E9E /* Vivira */ = {
			isa = PBXGroup;
			children = (
				6367A40227DA651900C94E9E /* Supporting Files */,
				6367A40127DA650D00C94E9E /* Resources */,
				6367A40027DA64FF00C94E9E /* Sources */,
			);
			path = Vivira;
			sourceTree = "<group>";
		};
		6367A3E627DA61F400C94E9E /* ViviraTests */ = {
			isa = PBXGroup;
			children = (
				6367A3E727DA61F400C94E9E /* ViviraTests.swift */,
			);
			path = ViviraTests;
			sourceTree = "<group>";
		};
		6367A3F027DA61F400C94E9E /* ViviraUITests */ = {
			isa = PBXGroup;
			children = (
				6367A3F127DA61F400C94E9E /* ViviraUITests.swift */,
				6367A3F327DA61F400C94E9E /* ViviraUITestsLaunchTests.swift */,
			);
			path = ViviraUITests;
			sourceTree = "<group>";
		};
		6367A40027DA64FF00C94E9E /* Sources */ = {
			isa = PBXGroup;
			children = (
				6367A40527DA6F8700C94E9E /* Search */,
				6367A40427DA6F7900C94E9E /* Common  */,
				6367A40327DA6F5D00C94E9E /* Service */,
			);
			path = Sources;
			sourceTree = "<group>";
		};
		6367A40127DA650D00C94E9E /* Resources */ = {
			isa = PBXGroup;
			children = (
				6367A3D927DA61F400C94E9E /* Assets.xcassets */,
			);
			path = Resources;
			sourceTree = "<group>";
		};
		6367A40227DA651900C94E9E /* Supporting Files */ = {
			isa = PBXGroup;
			children = (
				6367A3D027DA61F300C94E9E /* AppDelegate.swift */,
				6367A3D227DA61F300C94E9E /* SceneDelegate.swift */,
				6367A3D627DA61F300C94E9E /* Main.storyboard */,
				6367A3DB27DA61F400C94E9E /* LaunchScreen.storyboard */,
				6367A3DE27DA61F400C94E9E /* Info.plist */,
			);
			path = "Supporting Files";
			sourceTree = "<group>";
		};
		6367A40327DA6F5D00C94E9E /* Service */ = {
			isa = PBXGroup;
			children = (
			);
			path = Service;
			sourceTree = "<group>";
		};
		6367A40427DA6F7900C94E9E /* Common  */ = {
			isa = PBXGroup;
			children = (
			);
			path = "Common ";
			sourceTree = "<group>";
		};
		6367A40527DA6F8700C94E9E /* Search */ = {
			isa = PBXGroup;
			children = (
				6367A40627DA6FAA00C94E9E /* Model */,
				6367A40827DA6FC000C94E9E /* View */,
				6367A40727DA6FB400C94E9E /* ViewModel */,
			);
			path = Search;
			sourceTree = "<group>";
		};
		6367A40627DA6FAA00C94E9E /* Model */ = {
			isa = PBXGroup;
			children = (
			);
			path = Model;
			sourceTree = "<group>";
		};
		6367A40727DA6FB400C94E9E /* ViewModel */ = {
			isa = PBXGroup;
			children = (
			);
			path = ViewModel;
			sourceTree = "<group>";
		};
		6367A40827DA6FC000C94E9E /* View */ = {
			isa = PBXGroup;
			children = (
			);
			path = View;
			sourceTree = "<group>";
		};
/* End PBXGroup section */

/* Begin PBXNativeTarget section */
		6367A3CC27DA61F300C94E9E /* Vivira */ = {
			isa = PBXNativeTarget;
			buildConfigurationList = 6367A3F727DA61F400C94E9E /* Build configuration list for PBXNativeTarget "Vivira" */;
			buildPhases = (
				6367A3C927DA61F300C94E9E /* Sources */,
				6367A3CA27DA61F300C94E9E /* Frameworks */,
				6367A3CB27DA61F300C94E9E /* Resources */,
			);
			buildRules = (
			);
			dependencies = (
			);
			name = Vivira;
			productName = Vivira;
			productReference = 6367A3CD27DA61F300C94E9E /* Vivira.app */;
			productType = "com.apple.product-type.application";
		};
		6367A3E227DA61F400C94E9E /* ViviraTests */ = {
			isa = PBXNativeTarget;
			buildConfigurationList = 6367A3FA27DA61F400C94E9E /* Build configuration list for PBXNativeTarget "ViviraTests" */;
			buildPhases = (
				6367A3DF27DA61F400C94E9E /* Sources */,
				6367A3E027DA61F400C94E9E /* Frameworks */,
				6367A3E127DA61F400C94E9E /* Resources */,
			);
			buildRules = (
			);
			dependencies = (
				6367A3E527DA61F400C94E9E /* PBXTargetDependency */,
			);
			name = ViviraTests;
			productName = ViviraTests;
			productReference = 6367A3E327DA61F400C94E9E /* ViviraTests.xctest */;
			productType = "com.apple.product-type.bundle.unit-test";
		};
		6367A3EC27DA61F400C94E9E /* ViviraUITests */ = {
			isa = PBXNativeTarget;
			buildConfigurationList = 6367A3FD27DA61F400C94E9E /* Build configuration list for PBXNativeTarget "ViviraUITests" */;
			buildPhases = (
				6367A3E927DA61F400C94E9E /* Sources */,
				6367A3EA27DA61F400C94E9E /* Frameworks */,
				6367A3EB27DA61F400C94E9E /* Resources */,
			);
			buildRules = (
			);
			dependencies = (
				6367A3EF27DA61F400C94E9E /* PBXTargetDependency */,
			);
			name = ViviraUITests;
			productName = ViviraUITests;
			productReference = 6367A3ED27DA61F400C94E9E /* ViviraUITests.xctest */;
			productType = "com.apple.product-type.bundle.ui-testing";
		};
/* End PBXNativeTarget section */

/* Begin PBXProject section */
		6367A3C527DA61F300C94E9E /* Project object */ = {
			isa = PBXProject;
			attributes = {
				BuildIndependentTargetsInParallel = 1;
				LastSwiftUpdateCheck = 1300;
				LastUpgradeCheck = 1300;
				TargetAttributes = {
					6367A3CC27DA61F300C94E9E = {
						CreatedOnToolsVersion = 13.0;
					};
					6367A3E227DA61F400C94E9E = {
						CreatedOnToolsVersion = 13.0;
						TestTargetID = 6367A3CC27DA61F300C94E9E;
					};
					6367A3EC27DA61F400C94E9E = {
						CreatedOnToolsVersion = 13.0;
						TestTargetID = 6367A3CC27DA61F300C94E9E;
					};
				};
			};
			buildConfigurationList = 6367A3C827DA61F300C94E9E /* Build configuration list for PBXProject "Vivira" */;
			compatibilityVersion = "Xcode 13.0";
			developmentRegion = en;
			hasScannedForEncodings = 0;
			knownRegions = (
				en,
				Base,
			);
			mainGroup = 6367A3C427DA61F300C94E9E;
			productRefGroup = 6367A3CE27DA61F300C94E9E /* Products */;
			projectDirPath = "";
			projectRoot = "";
			targets = (
				6367A3CC27DA61F300C94E9E /* Vivira */,
				6367A3E227DA61F400C94E9E /* ViviraTests */,
				6367A3EC27DA61F400C94E9E /* ViviraUITests */,
			);
		};
/* End PBXProject section */

/* Begin PBXResourcesBuildPhase section */
		6367A3CB27DA61F300C94E9E /* Resources */ = {
			isa = PBXResourcesBuildPhase;
			buildActionMask = 2147483647;
			files = (
				6367A3DD27DA61F400C94E9E /* LaunchScreen.storyboard in Resources */,
				6367A3DA27DA61F400C94E9E /* Assets.xcassets in Resources */,
				6367A3D827DA61F300C94E9E /* Main.storyboard in Resources */,
			);
			runOnlyForDeploymentPostprocessing = 0;
		};
		6367A3E127DA61F400C94E9E /* Resources */ = {
			isa = PBXResourcesBuildPhase;
			buildActionMask = 2147483647;
			files = (
			);
			runOnlyForDeploymentPostprocessing = 0;
		};
		6367A3EB27DA61F400C94E9E /* Resources */ = {
			isa = PBXResourcesBuildPhase;
			buildActionMask = 2147483647;
			files = (
			);
			runOnlyForDeploymentPostprocessing = 0;
		};
/* End PBXResourcesBuildPhase section */

/* Begin PBXSourcesBuildPhase section */
		6367A3C927DA61F300C94E9E /* Sources */ = {
			isa = PBXSourcesBuildPhase;
			buildActionMask = 2147483647;
			files = (
				6367A3D127DA61F300C94E9E /* AppDelegate.swift in Sources */,
				6367A3D327DA61F300C94E9E /* SceneDelegate.swift in Sources */,
			);
			runOnlyForDeploymentPostprocessing = 0;
		};
		6367A3DF27DA61F400C94E9E /* Sources */ = {
			isa = PBXSourcesBuildPhase;
			buildActionMask = 2147483647;
			files = (
				6367A3E827DA61F400C94E9E /* ViviraTests.swift in Sources */,
			);
			runOnlyForDeploymentPostprocessing = 0;
		};
		6367A3E927DA61F400C94E9E /* Sources */ = {
			isa = PBXSourcesBuildPhase;
			buildActionMask = 2147483647;
			files = (
				6367A3F227DA61F400C94E9E /* ViviraUITests.swift in Sources */,
				6367A3F427DA61F400C94E9E /* ViviraUITestsLaunchTests.swift in Sources */,
			);
			runOnlyForDeploymentPostprocessing = 0;
		};
/* End PBXSourcesBuildPhase section */

/* Begin PBXTargetDependency section */
		6367A3E527DA61F400C94E9E /* PBXTargetDependency */ = {
			isa = PBXTargetDependency;
			target = 6367A3CC27DA61F300C94E9E /* Vivira */;
			targetProxy = 6367A3E427DA61F400C94E9E /* PBXContainerItemProxy */;
		};
		6367A3EF27DA61F400C94E9E /* PBXTargetDependency */ = {
			isa = PBXTargetDependency;
			target = 6367A3CC27DA61F300C94E9E /* Vivira */;
			targetProxy = 6367A3EE27DA61F400C94E9E /* PBXContainerItemProxy */;
		};
/* End PBXTargetDependency section */

/* Begin PBXVariantGroup section */
		6367A3D627DA61F300C94E9E /* Main.storyboard */ = {
			isa = PBXVariantGroup;
			children = (
				6367A3D727DA61F300C94E9E /* Base */,
			);
			name = Main.storyboard;
			sourceTree = "<group>";
		};
		6367A3DB27DA61F400C94E9E /* LaunchScreen.storyboard */ = {
			isa = PBXVariantGroup;
			children = (
				6367A3DC27DA61F400C94E9E /* Base */,
			);
			name = LaunchScreen.storyboard;
			sourceTree = "<group>";
		};
/* End PBXVariantGroup section */

/* Begin XCBuildConfiguration section */
		6367A3F527DA61F400C94E9E /* Debug */ = {
			isa = XCBuildConfiguration;
			buildSettings = {
				ALWAYS_SEARCH_USER_PATHS = NO;
				CLANG_ANALYZER_NONNULL = YES;
				CLANG_ANALYZER_NUMBER_OBJECT_CONVERSION = YES_AGGRESSIVE;
				CLANG_CXX_LANGUAGE_STANDARD = "gnu++17";
				CLANG_CXX_LIBRARY = "libc++";
				CLANG_ENABLE_MODULES = YES;
				CLANG_ENABLE_OBJC_ARC = YES;
				CLANG_ENABLE_OBJC_WEAK = YES;
				CLANG_WARN_BLOCK_CAPTURE_AUTORELEASING = YES;
				CLANG_WARN_BOOL_CONVERSION = YES;
				CLANG_WARN_COMMA = YES;
				CLANG_WARN_CONSTANT_CONVERSION = YES;
				CLANG_WARN_DEPRECATED_OBJC_IMPLEMENTATIONS = YES;
				CLANG_WARN_DIRECT_OBJC_ISA_USAGE = YES_ERROR;
				CLANG_WARN_DOCUMENTATION_COMMENTS = YES;
				CLANG_WARN_EMPTY_BODY = YES;
				CLANG_WARN_ENUM_CONVERSION = YES;
				CLANG_WARN_INFINITE_RECURSION = YES;
				CLANG_WARN_INT_CONVERSION = YES;
				CLANG_WARN_NON_LITERAL_NULL_CONVERSION = YES;
				CLANG_WARN_OBJC_IMPLICIT_RETAIN_SELF = YES;
				CLANG_WARN_OBJC_LITERAL_CONVERSION = YES;
				CLANG_WARN_OBJC_ROOT_CLASS = YES_ERROR;
				CLANG_WARN_QUOTED_INCLUDE_IN_FRAMEWORK_HEADER = YES;
				CLANG_WARN_RANGE_LOOP_ANALYSIS = YES;
				CLANG_WARN_STRICT_PROTOTYPES = YES;
				CLANG_WARN_SUSPICIOUS_MOVE = YES;
				CLANG_WARN_UNGUARDED_AVAILABILITY = YES_AGGRESSIVE;
				CLANG_WARN_UNREACHABLE_CODE = YES;
				CLANG_WARN__DUPLICATE_METHOD_MATCH = YES;
				COPY_PHASE_STRIP = NO;
				DEBUG_INFORMATION_FORMAT = dwarf;
				ENABLE_STRICT_OBJC_MSGSEND = YES;
				ENABLE_TESTABILITY = YES;
				GCC_C_LANGUAGE_STANDARD = gnu11;
				GCC_DYNAMIC_NO_PIC = NO;
				GCC_NO_COMMON_BLOCKS = YES;
				GCC_OPTIMIZATION_LEVEL = 0;
				GCC_PREPROCESSOR_DEFINITIONS = (
					"DEBUG=1",
					"$(inherited)",
				);
				GCC_WARN_64_TO_32_BIT_CONVERSION = YES;
				GCC_WARN_ABOUT_RETURN_TYPE = YES_ERROR;
				GCC_WARN_UNDECLARED_SELECTOR = YES;
				GCC_WARN_UNINITIALIZED_AUTOS = YES_AGGRESSIVE;
				GCC_WARN_UNUSED_FUNCTION = YES;
				GCC_WARN_UNUSED_VARIABLE = YES;
				IPHONEOS_DEPLOYMENT_TARGET = 15.0;
				MTL_ENABLE_DEBUG_INFO = INCLUDE_SOURCE;
				MTL_FAST_MATH = YES;
				ONLY_ACTIVE_ARCH = YES;
				SDKROOT = iphoneos;
				SWIFT_ACTIVE_COMPILATION_CONDITIONS = DEBUG;
				SWIFT_OPTIMIZATION_LEVEL = "-Onone";
			};
			name = Debug;
		};
		6367A3F627DA61F400C94E9E /* Release */ = {
			isa = XCBuildConfiguration;
			buildSettings = {
				ALWAYS_SEARCH_USER_PATHS = NO;
				CLANG_ANALYZER_NONNULL = YES;
				CLANG_ANALYZER_NUMBER_OBJECT_CONVERSION = YES_AGGRESSIVE;
				CLANG_CXX_LANGUAGE_STANDARD = "gnu++17";
				CLANG_CXX_LIBRARY = "libc++";
				CLANG_ENABLE_MODULES = YES;
				CLANG_ENABLE_OBJC_ARC = YES;
				CLANG_ENABLE_OBJC_WEAK = YES;
				CLANG_WARN_BLOCK_CAPTURE_AUTORELEASING = YES;
				CLANG_WARN_BOOL_CONVERSION = YES;
				CLANG_WARN_COMMA = YES;
				CLANG_WARN_CONSTANT_CONVERSION = YES;
				CLANG_WARN_DEPRECATED_OBJC_IMPLEMENTATIONS = YES;
				CLANG_WARN_DIRECT_OBJC_ISA_USAGE = YES_ERROR;
				CLANG_WARN_DOCUMENTATION_COMMENTS = YES;
				CLANG_WARN_EMPTY_BODY = YES;
				CLANG_WARN_ENUM_CONVERSION = YES;
				CLANG_WARN_INFINITE_RECURSION = YES;
				CLANG_WARN_INT_CONVERSION = YES;
				CLANG_WARN_NON_LITERAL_NULL_CONVERSION = YES;
				CLANG_WARN_OBJC_IMPLICIT_RETAIN_SELF = YES;
				CLANG_WARN_OBJC_LITERAL_CONVERSION = YES;
				CLANG_WARN_OBJC_ROOT_CLASS = YES_ERROR;
				CLANG_WARN_QUOTED_INCLUDE_IN_FRAMEWORK_HEADER = YES;
				CLANG_WARN_RANGE_LOOP_ANALYSIS = YES;
				CLANG_WARN_STRICT_PROTOTYPES = YES;
				CLANG_WARN_SUSPICIOUS_MOVE = YES;
				CLANG_WARN_UNGUARDED_AVAILABILITY = YES_AGGRESSIVE;
				CLANG_WARN_UNREACHABLE_CODE = YES;
				CLANG_WARN__DUPLICATE_METHOD_MATCH = YES;
				COPY_PHASE_STRIP = NO;
				DEBUG_INFORMATION_FORMAT = "dwarf-with-dsym";
				ENABLE_NS_ASSERTIONS = NO;
				ENABLE_STRICT_OBJC_MSGSEND = YES;
				GCC_C_LANGUAGE_STANDARD = gnu11;
				GCC_NO_COMMON_BLOCKS = YES;
				GCC_WARN_64_TO_32_BIT_CONVERSION = YES;
				GCC_WARN_ABOUT_RETURN_TYPE = YES_ERROR;
				GCC_WARN_UNDECLARED_SELECTOR = YES;
				GCC_WARN_UNINITIALIZED_AUTOS = YES_AGGRESSIVE;
				GCC_WARN_UNUSED_FUNCTION = YES;
				GCC_WARN_UNUSED_VARIABLE = YES;
				IPHONEOS_DEPLOYMENT_TARGET = 15.0;
				MTL_ENABLE_DEBUG_INFO = NO;
				MTL_FAST_MATH = YES;
				SDKROOT = iphoneos;
				SWIFT_COMPILATION_MODE = wholemodule;
				SWIFT_OPTIMIZATION_LEVEL = "-O";
				VALIDATE_PRODUCT = YES;
			};
			name = Release;
		};
		6367A3F827DA61F400C94E9E /* Debug */ = {
			isa = XCBuildConfiguration;
			buildSettings = {
				ASSETCATALOG_COMPILER_APPICON_NAME = AppIcon;
				ASSETCATALOG_COMPILER_GLOBAL_ACCENT_COLOR_NAME = AccentColor;
				CODE_SIGN_STYLE = Automatic;
				CURRENT_PROJECT_VERSION = 1;
				GENERATE_INFOPLIST_FILE = YES;
				INFOPLIST_FILE = "Vivira/Supporting Files/Info.plist";
				INFOPLIST_KEY_UIApplicationSupportsIndirectInputEvents = YES;
				INFOPLIST_KEY_UILaunchStoryboardName = LaunchScreen;
				INFOPLIST_KEY_UIMainStoryboardFile = Main;
				INFOPLIST_KEY_UISupportedInterfaceOrientations_iPad = "UIInterfaceOrientationPortrait UIInterfaceOrientationPortraitUpsideDown UIInterfaceOrientationLandscapeLeft UIInterfaceOrientationLandscapeRight";
				INFOPLIST_KEY_UISupportedInterfaceOrientations_iPhone = "UIInterfaceOrientationPortrait UIInterfaceOrientationLandscapeLeft UIInterfaceOrientationLandscapeRight";
				LD_RUNPATH_SEARCH_PATHS = (
					"$(inherited)",
					"@executable_path/Frameworks",
				);
				MARKETING_VERSION = 1.0;
				PRODUCT_BUNDLE_IDENTIFIER = com.hamza.Vivira;
				PRODUCT_NAME = "$(TARGET_NAME)";
				SWIFT_EMIT_LOC_STRINGS = YES;
				SWIFT_VERSION = 5.0;
				TARGETED_DEVICE_FAMILY = "1,2";
			};
			name = Debug;
		};
		6367A3F927DA61F400C94E9E /* Release */ = {
			isa = XCBuildConfiguration;
			buildSettings = {
				ASSETCATALOG_COMPILER_APPICON_NAME = AppIcon;
				ASSETCATALOG_COMPILER_GLOBAL_ACCENT_COLOR_NAME = AccentColor;
				CODE_SIGN_STYLE = Automatic;
				CURRENT_PROJECT_VERSION = 1;
				GENERATE_INFOPLIST_FILE = YES;
				INFOPLIST_FILE = "Vivira/Supporting Files/Info.plist";
				INFOPLIST_KEY_UIApplicationSupportsIndirectInputEvents = YES;
				INFOPLIST_KEY_UILaunchStoryboardName = LaunchScreen;
				INFOPLIST_KEY_UIMainStoryboardFile = Main;
				INFOPLIST_KEY_UISupportedInterfaceOrientations_iPad = "UIInterfaceOrientationPortrait UIInterfaceOrientationPortraitUpsideDown UIInterfaceOrientationLandscapeLeft UIInterfaceOrientationLandscapeRight";
				INFOPLIST_KEY_UISupportedInterfaceOrientations_iPhone = "UIInterfaceOrientationPortrait UIInterfaceOrientationLandscapeLeft UIInterfaceOrientationLandscapeRight";
				LD_RUNPATH_SEARCH_PATHS = (
					"$(inherited)",
					"@executable_path/Frameworks",
				);
				MARKETING_VERSION = 1.0;
				PRODUCT_BUNDLE_IDENTIFIER = com.hamza.Vivira;
				PRODUCT_NAME = "$(TARGET_NAME)";
				SWIFT_EMIT_LOC_STRINGS = YES;
				SWIFT_VERSION = 5.0;
				TARGETED_DEVICE_FAMILY = "1,2";
			};
			name = Release;
		};
		6367A3FB27DA61F400C94E9E /* Debug */ = {
			isa = XCBuildConfiguration;
			buildSettings = {
				ALWAYS_EMBED_SWIFT_STANDARD_LIBRARIES = YES;
				BUNDLE_LOADER = "$(TEST_HOST)";
				CODE_SIGN_STYLE = Automatic;
				CURRENT_PROJECT_VERSION = 1;
				GENERATE_INFOPLIST_FILE = YES;
				IPHONEOS_DEPLOYMENT_TARGET = 15.0;
				LD_RUNPATH_SEARCH_PATHS = (
					"$(inherited)",
					"@executable_path/Frameworks",
					"@loader_path/Frameworks",
				);
				MARKETING_VERSION = 1.0;
				PRODUCT_BUNDLE_IDENTIFIER = com.hamza.ViviraTests;
				PRODUCT_NAME = "$(TARGET_NAME)";
				SWIFT_EMIT_LOC_STRINGS = NO;
				SWIFT_VERSION = 5.0;
				TARGETED_DEVICE_FAMILY = "1,2";
				TEST_HOST = "$(BUILT_PRODUCTS_DIR)/Vivira.app/Vivira";
			};
			name = Debug;
		};
		6367A3FC27DA61F400C94E9E /* Release */ = {
			isa = XCBuildConfiguration;
			buildSettings = {
				ALWAYS_EMBED_SWIFT_STANDARD_LIBRARIES = YES;
				BUNDLE_LOADER = "$(TEST_HOST)";
				CODE_SIGN_STYLE = Automatic;
				CURRENT_PROJECT_VERSION = 1;
				GENERATE_INFOPLIST_FILE = YES;
				IPHONEOS_DEPLOYMENT_TARGET = 15.0;
				LD_RUNPATH_SEARCH_PATHS = (
					"$(inherited)",
					"@executable_path/Frameworks",
					"@loader_path/Frameworks",
				);
				MARKETING_VERSION = 1.0;
				PRODUCT_BUNDLE_IDENTIFIER = com.hamza.ViviraTests;
				PRODUCT_NAME = "$(TARGET_NAME)";
				SWIFT_EMIT_LOC_STRINGS = NO;
				SWIFT_VERSION = 5.0;
				TARGETED_DEVICE_FAMILY = "1,2";
				TEST_HOST = "$(BUILT_PRODUCTS_DIR)/Vivira.app/Vivira";
			};
			name = Release;
		};
		6367A3FE27DA61F400C94E9E /* Debug */ = {
			isa = XCBuildConfiguration;
			buildSettings = {
				ALWAYS_EMBED_SWIFT_STANDARD_LIBRARIES = YES;
				CODE_SIGN_STYLE = Automatic;
				CURRENT_PROJECT_VERSION = 1;
				GENERATE_INFOPLIST_FILE = YES;
				LD_RUNPATH_SEARCH_PATHS = (
					"$(inherited)",
					"@executable_path/Frameworks",
					"@loader_path/Frameworks",
				);
				MARKETING_VERSION = 1.0;
				PRODUCT_BUNDLE_IDENTIFIER = com.hamza.ViviraUITests;
				PRODUCT_NAME = "$(TARGET_NAME)";
				SWIFT_EMIT_LOC_STRINGS = NO;
				SWIFT_VERSION = 5.0;
				TARGETED_DEVICE_FAMILY = "1,2";
				TEST_TARGET_NAME = Vivira;
			};
			name = Debug;
		};
		6367A3FF27DA61F400C94E9E /* Release */ = {
			isa = XCBuildConfiguration;
			buildSettings = {
				ALWAYS_EMBED_SWIFT_STANDARD_LIBRARIES = YES;
				CODE_SIGN_STYLE = Automatic;
				CURRENT_PROJECT_VERSION = 1;
				GENERATE_INFOPLIST_FILE = YES;
				LD_RUNPATH_SEARCH_PATHS = (
					"$(inherited)",
					"@executable_path/Frameworks",
					"@loader_path/Frameworks",
				);
				MARKETING_VERSION = 1.0;
				PRODUCT_BUNDLE_IDENTIFIER = com.hamza.ViviraUITests;
				PRODUCT_NAME = "$(TARGET_NAME)";
				SWIFT_EMIT_LOC_STRINGS = NO;
				SWIFT_VERSION = 5.0;
				TARGETED_DEVICE_FAMILY = "1,2";
				TEST_TARGET_NAME = Vivira;
			};
			name = Release;
		};
/* End XCBuildConfiguration section */

/* Begin XCConfigurationList section */
		6367A3C827DA61F300C94E9E /* Build configuration list for PBXProject "Vivira" */ = {
			isa = XCConfigurationList;
			buildConfigurations = (
				6367A3F527DA61F400C94E9E /* Debug */,
				6367A3F627DA61F400C94E9E /* Release */,
			);
			defaultConfigurationIsVisible = 0;
			defaultConfigurationName = Release;
		};
		6367A3F727DA61F400C94E9E /* Build configuration list for PBXNativeTarget "Vivira" */ = {
			isa = XCConfigurationList;
			buildConfigurations = (
				6367A3F827DA61F400C94E9E /* Debug */,
				6367A3F927DA61F400C94E9E /* Release */,
			);
			defaultConfigurationIsVisible = 0;
			defaultConfigurationName = Release;
		};
		6367A3FA27DA61F400C94E9E /* Build configuration list for PBXNativeTarget "ViviraTests" */ = {
			isa = XCConfigurationList;
			buildConfigurations = (
				6367A3FB27DA61F400C94E9E /* Debug */,
				6367A3FC27DA61F400C94E9E /* Release */,
			);
			defaultConfigurationIsVisible = 0;
			defaultConfigurationName = Release;
		};
		6367A3FD27DA61F400C94E9E /* Build configuration list for PBXNativeTarget "ViviraUITests" */ = {
			isa = XCConfigurationList;
			buildConfigurations = (
				6367A3FE27DA61F400C94E9E /* Debug */,
				6367A3FF27DA61F400C94E9E /* Release */,
			);
			defaultConfigurationIsVisible = 0;
			defaultConfigurationName = Release;
		};
/* End XCConfigurationList section */
	};
	rootObject = 6367A3C527DA61F300C94E9E /* Project object */;
}
